// !$*UTF8*$!
{
	archiveVersion = 1;
	classes = {
	};
	objectVersion = 55;
	objects = {

/* Begin PBXBuildFile section */
		26B298A4157B69A4670389B9 /* Pods_OpenAPIWeather.framework in Frameworks */ = {isa = PBXBuildFile; fileRef = D670603FDCF4B44B9A9215A1 /* Pods_OpenAPIWeather.framework */; };
		EC8EB5D328A4532900DCFCE6 /* AppDelegate.swift in Sources */ = {isa = PBXBuildFile; fileRef = EC8EB5D228A4532900DCFCE6 /* AppDelegate.swift */; };
		EC8EB5D528A4532900DCFCE6 /* SceneDelegate.swift in Sources */ = {isa = PBXBuildFile; fileRef = EC8EB5D428A4532900DCFCE6 /* SceneDelegate.swift */; };
		EC8EB5D728A4532900DCFCE6 /* ViewController.swift in Sources */ = {isa = PBXBuildFile; fileRef = EC8EB5D628A4532900DCFCE6 /* ViewController.swift */; };
		EC8EB5DA28A4532900DCFCE6 /* Main.storyboard in Resources */ = {isa = PBXBuildFile; fileRef = EC8EB5D828A4532900DCFCE6 /* Main.storyboard */; };
		EC8EB5DC28A4532A00DCFCE6 /* Assets.xcassets in Resources */ = {isa = PBXBuildFile; fileRef = EC8EB5DB28A4532A00DCFCE6 /* Assets.xcassets */; };
		EC8EB5DF28A4532A00DCFCE6 /* LaunchScreen.storyboard in Resources */ = {isa = PBXBuildFile; fileRef = EC8EB5DD28A4532A00DCFCE6 /* LaunchScreen.storyboard */; };
		EC8EB5EC28A45E6100DCFCE6 /* WeatherResponse.swift in Sources */ = {isa = PBXBuildFile; fileRef = EC8EB5E928A45E6100DCFCE6 /* WeatherResponse.swift */; };
		EC8EB5ED28A45E6100DCFCE6 /* WeatherRequest.swift in Sources */ = {isa = PBXBuildFile; fileRef = EC8EB5EB28A45E6100DCFCE6 /* WeatherRequest.swift */; };
/* End PBXBuildFile section */

/* Begin PBXFileReference section */
		9CB7DD2DFF3A1CC84567B34A /* Pods-OpenAPIWeather.debug.xcconfig */ = {isa = PBXFileReference; includeInIndex = 1; lastKnownFileType = text.xcconfig; name = "Pods-OpenAPIWeather.debug.xcconfig"; path = "Target Support Files/Pods-OpenAPIWeather/Pods-OpenAPIWeather.debug.xcconfig"; sourceTree = "<group>"; };
		B6B6685D24A50F62D28FEC2D /* Pods-OpenAPIWeather.release.xcconfig */ = {isa = PBXFileReference; includeInIndex = 1; lastKnownFileType = text.xcconfig; name = "Pods-OpenAPIWeather.release.xcconfig"; path = "Target Support Files/Pods-OpenAPIWeather/Pods-OpenAPIWeather.release.xcconfig"; sourceTree = "<group>"; };
		D670603FDCF4B44B9A9215A1 /* Pods_OpenAPIWeather.framework */ = {isa = PBXFileReference; explicitFileType = wrapper.framework; includeInIndex = 0; path = Pods_OpenAPIWeather.framework; sourceTree = BUILT_PRODUCTS_DIR; };
		EC8EB5CF28A4532900DCFCE6 /* OpenAPIWeather.app */ = {isa = PBXFileReference; explicitFileType = wrapper.application; includeInIndex = 0; path = OpenAPIWeather.app; sourceTree = BUILT_PRODUCTS_DIR; };
		EC8EB5D228A4532900DCFCE6 /* AppDelegate.swift */ = {isa = PBXFileReference; lastKnownFileType = sourcecode.swift; path = AppDelegate.swift; sourceTree = "<group>"; };
		EC8EB5D428A4532900DCFCE6 /* SceneDelegate.swift */ = {isa = PBXFileReference; lastKnownFileType = sourcecode.swift; path = SceneDelegate.swift; sourceTree = "<group>"; };
		EC8EB5D628A4532900DCFCE6 /* ViewController.swift */ = {isa = PBXFileReference; lastKnownFileType = sourcecode.swift; path = ViewController.swift; sourceTree = "<group>"; };
		EC8EB5D928A4532900DCFCE6 /* Base */ = {isa = PBXFileReference; lastKnownFileType = file.storyboard; name = Base; path = Base.lproj/Main.storyboard; sourceTree = "<group>"; };
		EC8EB5DB28A4532A00DCFCE6 /* Assets.xcassets */ = {isa = PBXFileReference; lastKnownFileType = folder.assetcatalog; path = Assets.xcassets; sourceTree = "<group>"; };
		EC8EB5DE28A4532A00DCFCE6 /* Base */ = {isa = PBXFileReference; lastKnownFileType = file.storyboard; name = Base; path = Base.lproj/LaunchScreen.storyboard; sourceTree = "<group>"; };
		EC8EB5E028A4532A00DCFCE6 /* Info.plist */ = {isa = PBXFileReference; lastKnownFileType = text.plist.xml; path = Info.plist; sourceTree = "<group>"; };
		EC8EB5E928A45E6100DCFCE6 /* WeatherResponse.swift */ = {isa = PBXFileReference; fileEncoding = 4; lastKnownFileType = sourcecode.swift; path = WeatherResponse.swift; sourceTree = "<group>"; };
		EC8EB5EB28A45E6100DCFCE6 /* WeatherRequest.swift */ = {isa = PBXFileReference; fileEncoding = 4; lastKnownFileType = sourcecode.swift; path = WeatherRequest.swift; sourceTree = "<group>"; };
/* End PBXFileReference section */

/* Begin PBXFrameworksBuildPhase section */
		EC8EB5CC28A4532900DCFCE6 /* Frameworks */ = {
			isa = PBXFrameworksBuildPhase;
			buildActionMask = 2147483647;
			files = (
				26B298A4157B69A4670389B9 /* Pods_OpenAPIWeather.framework in Frameworks */,
			);
			runOnlyForDeploymentPostprocessing = 0;
		};
/* End PBXFrameworksBuildPhase section */

/* Begin PBXGroup section */
		98FE062028B8B6136CF99A2C /* Frameworks */ = {
			isa = PBXGroup;
			children = (
				D670603FDCF4B44B9A9215A1 /* Pods_OpenAPIWeather.framework */,
			);
			name = Frameworks;
			sourceTree = "<group>";
		};
		AF68A755E4E024C52CACA0E3 /* Pods */ = {
			isa = PBXGroup;
			children = (
				9CB7DD2DFF3A1CC84567B34A /* Pods-OpenAPIWeather.debug.xcconfig */,
				B6B6685D24A50F62D28FEC2D /* Pods-OpenAPIWeather.release.xcconfig */,
			);
			path = Pods;
			sourceTree = "<group>";
		};
		EC8EB5C628A4532900DCFCE6 = {
			isa = PBXGroup;
			children = (
				EC8EB5D128A4532900DCFCE6 /* OpenAPIWeather */,
				EC8EB5D028A4532900DCFCE6 /* Products */,
				AF68A755E4E024C52CACA0E3 /* Pods */,
				98FE062028B8B6136CF99A2C /* Frameworks */,
			);
			sourceTree = "<group>";
		};
		EC8EB5D028A4532900DCFCE6 /* Products */ = {
			isa = PBXGroup;
			children = (
				EC8EB5CF28A4532900DCFCE6 /* OpenAPIWeather.app */,
			);
			name = Products;
			sourceTree = "<group>";
		};
		EC8EB5D128A4532900DCFCE6 /* OpenAPIWeather */ = {
			isa = PBXGroup;
			children = (
				EC8EB5E728A45E6100DCFCE6 /* API */,
				EC8EB5D228A4532900DCFCE6 /* AppDelegate.swift */,
				EC8EB5D428A4532900DCFCE6 /* SceneDelegate.swift */,
				EC8EB5D628A4532900DCFCE6 /* ViewController.swift */,
				EC8EB5D828A4532900DCFCE6 /* Main.storyboard */,
				EC8EB5DB28A4532A00DCFCE6 /* Assets.xcassets */,
				EC8EB5DD28A4532A00DCFCE6 /* LaunchScreen.storyboard */,
				EC8EB5E028A4532A00DCFCE6 /* Info.plist */,
			);
			path = OpenAPIWeather;
			sourceTree = "<group>";
		};
		EC8EB5E728A45E6100DCFCE6 /* API */ = {
			isa = PBXGroup;
			children = (
				EC8EB5E828A45E6100DCFCE6 /* Response */,
				EC8EB5EA28A45E6100DCFCE6 /* Request */,
			);
			name = API;
			path = ../../OpenWeatherExample/OpenWeatherDemoProject/API;
			sourceTree = "<group>";
		};
		EC8EB5E828A45E6100DCFCE6 /* Response */ = {
			isa = PBXGroup;
			children = (
				EC8EB5E928A45E6100DCFCE6 /* WeatherResponse.swift */,
			);
			path = Response;
			sourceTree = "<group>";
		};
		EC8EB5EA28A45E6100DCFCE6 /* Request */ = {
			isa = PBXGroup;
			children = (
				EC8EB5EB28A45E6100DCFCE6 /* WeatherRequest.swift */,
			);
			path = Request;
			sourceTree = "<group>";
		};
/* End PBXGroup section */

/* Begin PBXNativeTarget section */
		EC8EB5CE28A4532900DCFCE6 /* OpenAPIWeather */ = {
			isa = PBXNativeTarget;
			buildConfigurationList = EC8EB5E328A4532A00DCFCE6 /* Build configuration list for PBXNativeTarget "OpenAPIWeather" */;
			buildPhases = (
				4AE88AF419143DDCFF145E1D /* [CP] Check Pods Manifest.lock */,
				EC8EB5CB28A4532900DCFCE6 /* Sources */,
				EC8EB5CC28A4532900DCFCE6 /* Frameworks */,
				EC8EB5CD28A4532900DCFCE6 /* Resources */,
				3793F7F43EF6671C00D2563E /* [CP] Embed Pods Frameworks */,
			);
			buildRules = (
			);
			dependencies = (
			);
			name = OpenAPIWeather;
			productName = OpenAPIWeather;
			productReference = EC8EB5CF28A4532900DCFCE6 /* OpenAPIWeather.app */;
			productType = "com.apple.product-type.application";
		};
/* End PBXNativeTarget section */

/* Begin PBXProject section */
		EC8EB5C728A4532900DCFCE6 /* Project object */ = {
			isa = PBXProject;
			attributes = {
				BuildIndependentTargetsInParallel = 1;
				LastSwiftUpdateCheck = 1340;
				LastUpgradeCheck = 1340;
				TargetAttributes = {
					EC8EB5CE28A4532900DCFCE6 = {
						CreatedOnToolsVersion = 13.4.1;
					};
				};
			};
			buildConfigurationList = EC8EB5CA28A4532900DCFCE6 /* Build configuration list for PBXProject "OpenAPIWeather" */;
			compatibilityVersion = "Xcode 13.0";
			developmentRegion = en;
			hasScannedForEncodings = 0;
			knownRegions = (
				en,
				Base,
			);
			mainGroup = EC8EB5C628A4532900DCFCE6;
			productRefGroup = EC8EB5D028A4532900DCFCE6 /* Products */;
			projectDirPath = "";
			projectRoot = "";
			targets = (
				EC8EB5CE28A4532900DCFCE6 /* OpenAPIWeather */,
			);
		};
/* End PBXProject section */

/* Begin PBXResourcesBuildPhase section */
		EC8EB5CD28A4532900DCFCE6 /* Resources */ = {
			isa = PBXResourcesBuildPhase;
			buildActionMask = 2147483647;
			files = (
				EC8EB5DF28A4532A00DCFCE6 /* LaunchScreen.storyboard in Resources */,
				EC8EB5DC28A4532A00DCFCE6 /* Assets.xcassets in Resources */,
				EC8EB5DA28A4532900DCFCE6 /* Main.storyboard in Resources */,
			);
			runOnlyForDeploymentPostprocessing = 0;
		};
/* End PBXResourcesBuildPhase section */

/* Begin PBXShellScriptBuildPhase section */
		3793F7F43EF6671C00D2563E /* [CP] Embed Pods Frameworks */ = {
			isa = PBXShellScriptBuildPhase;
			buildActionMask = 2147483647;
			files = (
			);
			inputFileListPaths = (
				"${PODS_ROOT}/Target Support Files/Pods-OpenAPIWeather/Pods-OpenAPIWeather-frameworks-${CONFIGURATION}-input-files.xcfilelist",
			);
			name = "[CP] Embed Pods Frameworks";
			outputFileListPaths = (
				"${PODS_ROOT}/Target Support Files/Pods-OpenAPIWeather/Pods-OpenAPIWeather-frameworks-${CONFIGURATION}-output-files.xcfilelist",
			);
			runOnlyForDeploymentPostprocessing = 0;
			shellPath = /bin/sh;
			shellScript = "\"${PODS_ROOT}/Target Support Files/Pods-OpenAPIWeather/Pods-OpenAPIWeather-frameworks.sh\"\n";
			showEnvVarsInLog = 0;
		};
		4AE88AF419143DDCFF145E1D /* [CP] Check Pods Manifest.lock */ = {
			isa = PBXShellScriptBuildPhase;
			buildActionMask = 2147483647;
			files = (
			);
			inputFileListPaths = (
			);
			inputPaths = (
				"${PODS_PODFILE_DIR_PATH}/Podfile.lock",
				"${PODS_ROOT}/Manifest.lock",
			);
			name = "[CP] Check Pods Manifest.lock";
			outputFileListPaths = (
			);
			outputPaths = (
				"$(DERIVED_FILE_DIR)/Pods-OpenAPIWeather-checkManifestLockResult.txt",
			);
			runOnlyForDeploymentPostprocessing = 0;
			shellPath = /bin/sh;
			shellScript = "diff \"${PODS_PODFILE_DIR_PATH}/Podfile.lock\" \"${PODS_ROOT}/Manifest.lock\" > /dev/null\nif [ $? != 0 ] ; then\n    # print error to STDERR\n    echo \"error: The sandbox is not in sync with the Podfile.lock. Run 'pod install' or update your CocoaPods installation.\" >&2\n    exit 1\nfi\n# This output is used by Xcode 'outputs' to avoid re-running this script phase.\necho \"SUCCESS\" > \"${SCRIPT_OUTPUT_FILE_0}\"\n";
			showEnvVarsInLog = 0;
		};
/* End PBXShellScriptBuildPhase section */

/* Begin PBXSourcesBuildPhase section */
		EC8EB5CB28A4532900DCFCE6 /* Sources */ = {
			isa = PBXSourcesBuildPhase;
			buildActionMask = 2147483647;
			files = (
				EC8EB5D728A4532900DCFCE6 /* ViewController.swift in Sources */,
				EC8EB5D328A4532900DCFCE6 /* AppDelegate.swift in Sources */,
				EC8EB5D528A4532900DCFCE6 /* SceneDelegate.swift in Sources */,
				EC8EB5ED28A45E6100DCFCE6 /* WeatherRequest.swift in Sources */,
				EC8EB5EC28A45E6100DCFCE6 /* WeatherResponse.swift in Sources */,
			);
			runOnlyForDeploymentPostprocessing = 0;
		};
/* End PBXSourcesBuildPhase section */

/* Begin PBXVariantGroup section */
		EC8EB5D828A4532900DCFCE6 /* Main.storyboard */ = {
			isa = PBXVariantGroup;
			children = (
				EC8EB5D928A4532900DCFCE6 /* Base */,
			);
			name = Main.storyboard;
			sourceTree = "<group>";
		};
		EC8EB5DD28A4532A00DCFCE6 /* LaunchScreen.storyboard */ = {
			isa = PBXVariantGroup;
			children = (
				EC8EB5DE28A4532A00DCFCE6 /* Base */,
			);
			name = LaunchScreen.storyboard;
			sourceTree = "<group>";
		};
/* End PBXVariantGroup section */

/* Begin XCBuildConfiguration section */
		EC8EB5E128A4532A00DCFCE6 /* Debug */ = {
			isa = XCBuildConfiguration;
			buildSettings = {
				ALWAYS_SEARCH_USER_PATHS = NO;
				CLANG_ANALYZER_NONNULL = YES;
				CLANG_ANALYZER_NUMBER_OBJECT_CONVERSION = YES_AGGRESSIVE;
				CLANG_CXX_LANGUAGE_STANDARD = "gnu++17";
				CLANG_ENABLE_MODULES = YES;
				CLANG_ENABLE_OBJC_ARC = YES;
				CLANG_ENABLE_OBJC_WEAK = YES;
				CLANG_WARN_BLOCK_CAPTURE_AUTORELEASING = YES;
				CLANG_WARN_BOOL_CONVERSION = YES;
				CLANG_WARN_COMMA = YES;
				CLANG_WARN_CONSTANT_CONVERSION = YES;
				CLANG_WARN_DEPRECATED_OBJC_IMPLEMENTATIONS = YES;
				CLANG_WARN_DIRECT_OBJC_ISA_USAGE = YES_ERROR;
				CLANG_WARN_DOCUMENTATION_COMMENTS = YES;
				CLANG_WARN_EMPTY_BODY = YES;
				CLANG_WARN_ENUM_CONVERSION = YES;
				CLANG_WARN_INFINITE_RECURSION = YES;
				CLANG_WARN_INT_CONVERSION = YES;
				CLANG_WARN_NON_LITERAL_NULL_CONVERSION = YES;
				CLANG_WARN_OBJC_IMPLICIT_RETAIN_SELF = YES;
				CLANG_WARN_OBJC_LITERAL_CONVERSION = YES;
				CLANG_WARN_OBJC_ROOT_CLASS = YES_ERROR;
				CLANG_WARN_QUOTED_INCLUDE_IN_FRAMEWORK_HEADER = YES;
				CLANG_WARN_RANGE_LOOP_ANALYSIS = YES;
				CLANG_WARN_STRICT_PROTOTYPES = YES;
				CLANG_WARN_SUSPICIOUS_MOVE = YES;
				CLANG_WARN_UNGUARDED_AVAILABILITY = YES_AGGRESSIVE;
				CLANG_WARN_UNREACHABLE_CODE = YES;
				CLANG_WARN__DUPLICATE_METHOD_MATCH = YES;
				COPY_PHASE_STRIP = NO;
				DEBUG_INFORMATION_FORMAT = dwarf;
				ENABLE_STRICT_OBJC_MSGSEND = YES;
				ENABLE_TESTABILITY = YES;
				GCC_C_LANGUAGE_STANDARD = gnu11;
				GCC_DYNAMIC_NO_PIC = NO;
				GCC_NO_COMMON_BLOCKS = YES;
				GCC_OPTIMIZATION_LEVEL = 0;
				GCC_PREPROCESSOR_DEFINITIONS = (
					"DEBUG=1",
					"$(inherited)",
				);
				GCC_WARN_64_TO_32_BIT_CONVERSION = YES;
				GCC_WARN_ABOUT_RETURN_TYPE = YES_ERROR;
				GCC_WARN_UNDECLARED_SELECTOR = YES;
				GCC_WARN_UNINITIALIZED_AUTOS = YES_AGGRESSIVE;
				GCC_WARN_UNUSED_FUNCTION = YES;
				GCC_WARN_UNUSED_VARIABLE = YES;
				IPHONEOS_DEPLOYMENT_TARGET = 15.5;
				MTL_ENABLE_DEBUG_INFO = INCLUDE_SOURCE;
				MTL_FAST_MATH = YES;
				ONLY_ACTIVE_ARCH = YES;
				SDKROOT = iphoneos;
				SWIFT_ACTIVE_COMPILATION_CONDITIONS = DEBUG;
				SWIFT_OPTIMIZATION_LEVEL = "-Onone";
			};
			name = Debug;
		};
		EC8EB5E228A4532A00DCFCE6 /* Release */ = {
			isa = XCBuildConfiguration;
			buildSettings = {
				ALWAYS_SEARCH_USER_PATHS = NO;
				CLANG_ANALYZER_NONNULL = YES;
				CLANG_ANALYZER_NUMBER_OBJECT_CONVERSION = YES_AGGRESSIVE;
				CLANG_CXX_LANGUAGE_STANDARD = "gnu++17";
				CLANG_ENABLE_MODULES = YES;
				CLANG_ENABLE_OBJC_ARC = YES;
				CLANG_ENABLE_OBJC_WEAK = YES;
				CLANG_WARN_BLOCK_CAPTURE_AUTORELEASING = YES;
				CLANG_WARN_BOOL_CONVERSION = YES;
				CLANG_WARN_COMMA = YES;
				CLANG_WARN_CONSTANT_CONVERSION = YES;
				CLANG_WARN_DEPRECATED_OBJC_IMPLEMENTATIONS = YES;
				CLANG_WARN_DIRECT_OBJC_ISA_USAGE = YES_ERROR;
				CLANG_WARN_DOCUMENTATION_COMMENTS = YES;
				CLANG_WARN_EMPTY_BODY = YES;
				CLANG_WARN_ENUM_CONVERSION = YES;
				CLANG_WARN_INFINITE_RECURSION = YES;
				CLANG_WARN_INT_CONVERSION = YES;
				CLANG_WARN_NON_LITERAL_NULL_CONVERSION = YES;
				CLANG_WARN_OBJC_IMPLICIT_RETAIN_SELF = YES;
				CLANG_WARN_OBJC_LITERAL_CONVERSION = YES;
				CLANG_WARN_OBJC_ROOT_CLASS = YES_ERROR;
				CLANG_WARN_QUOTED_INCLUDE_IN_FRAMEWORK_HEADER = YES;
				CLANG_WARN_RANGE_LOOP_ANALYSIS = YES;
				CLANG_WARN_STRICT_PROTOTYPES = YES;
				CLANG_WARN_SUSPICIOUS_MOVE = YES;
				CLANG_WARN_UNGUARDED_AVAILABILITY = YES_AGGRESSIVE;
				CLANG_WARN_UNREACHABLE_CODE = YES;
				CLANG_WARN__DUPLICATE_METHOD_MATCH = YES;
				COPY_PHASE_STRIP = NO;
				DEBUG_INFORMATION_FORMAT = "dwarf-with-dsym";
				ENABLE_NS_ASSERTIONS = NO;
				ENABLE_STRICT_OBJC_MSGSEND = YES;
				GCC_C_LANGUAGE_STANDARD = gnu11;
				GCC_NO_COMMON_BLOCKS = YES;
				GCC_WARN_64_TO_32_BIT_CONVERSION = YES;
				GCC_WARN_ABOUT_RETURN_TYPE = YES_ERROR;
				GCC_WARN_UNDECLARED_SELECTOR = YES;
				GCC_WARN_UNINITIALIZED_AUTOS = YES_AGGRESSIVE;
				GCC_WARN_UNUSED_FUNCTION = YES;
				GCC_WARN_UNUSED_VARIABLE = YES;
				IPHONEOS_DEPLOYMENT_TARGET = 15.5;
				MTL_ENABLE_DEBUG_INFO = NO;
				MTL_FAST_MATH = YES;
				SDKROOT = iphoneos;
				SWIFT_COMPILATION_MODE = wholemodule;
				SWIFT_OPTIMIZATION_LEVEL = "-O";
				VALIDATE_PRODUCT = YES;
			};
			name = Release;
		};
		EC8EB5E428A4532A00DCFCE6 /* Debug */ = {
			isa = XCBuildConfiguration;
			baseConfigurationReference = 9CB7DD2DFF3A1CC84567B34A /* Pods-OpenAPIWeather.debug.xcconfig */;
			buildSettings = {
				ASSETCATALOG_COMPILER_APPICON_NAME = AppIcon;
				ASSETCATALOG_COMPILER_GLOBAL_ACCENT_COLOR_NAME = AccentColor;
				CODE_SIGN_STYLE = Automatic;
				CURRENT_PROJECT_VERSION = 1;
				DEVELOPMENT_TEAM = SN4DKJ8AHY;
				GENERATE_INFOPLIST_FILE = YES;
				INFOPLIST_FILE = OpenAPIWeather/Info.plist;
				INFOPLIST_KEY_UIApplicationSupportsIndirectInputEvents = YES;
				INFOPLIST_KEY_UILaunchStoryboardName = LaunchScreen;
				INFOPLIST_KEY_UIMainStoryboardFile = Main;
				INFOPLIST_KEY_UISupportedInterfaceOrientations_iPad = "UIInterfaceOrientationPortrait UIInterfaceOrientationPortraitUpsideDown UIInterfaceOrientationLandscapeLeft UIInterfaceOrientationLandscapeRight";
				INFOPLIST_KEY_UISupportedInterfaceOrientations_iPhone = "UIInterfaceOrientationPortrait UIInterfaceOrientationLandscapeLeft UIInterfaceOrientationLandscapeRight";
				LD_RUNPATH_SEARCH_PATHS = (
					"$(inherited)",
					"@executable_path/Frameworks",
				);
				MARKETING_VERSION = 1.0;
				PRODUCT_BUNDLE_IDENTIFIER = com.chae.OpenAPIWeather;
				PRODUCT_NAME = "$(TARGET_NAME)";
				SWIFT_EMIT_LOC_STRINGS = YES;
				SWIFT_VERSION = 5.0;
				TARGETED_DEVICE_FAMILY = "1,2";
			};
			name = Debug;
		};
		EC8EB5E528A4532A00DCFCE6 /* Release */ = {
			isa = XCBuildConfiguration;
			baseConfigurationReference = B6B6685D24A50F62D28FEC2D /* Pods-OpenAPIWeather.release.xcconfig */;
			buildSettings = {
				ASSETCATALOG_COMPILER_APPICON_NAME = AppIcon;
				ASSETCATALOG_COMPILER_GLOBAL_ACCENT_COLOR_NAME = AccentColor;
				CODE_SIGN_STYLE = Automatic;
				CURRENT_PROJECT_VERSION = 1;
				DEVELOPMENT_TEAM = SN4DKJ8AHY;
				GENERATE_INFOPLIST_FILE = YES;
				INFOPLIST_FILE = OpenAPIWeather/Info.plist;
				INFOPLIST_KEY_UIApplicationSupportsIndirectInputEvents = YES;
				INFOPLIST_KEY_UILaunchStoryboardName = LaunchScreen;
				INFOPLIST_KEY_UIMainStoryboardFile = Main;
				INFOPLIST_KEY_UISupportedInterfaceOrientations_iPad = "UIInterfaceOrientationPortrait UIInterfaceOrientationPortraitUpsideDown UIInterfaceOrientationLandscapeLeft UIInterfaceOrientationLandscapeRight";
				INFOPLIST_KEY_UISupportedInterfaceOrientations_iPhone = "UIInterfaceOrientationPortrait UIInterfaceOrientationLandscapeLeft UIInterfaceOrientationLandscapeRight";
				LD_RUNPATH_SEARCH_PATHS = (
					"$(inherited)",
					"@executable_path/Frameworks",
				);
				MARKETING_VERSION = 1.0;
				PRODUCT_BUNDLE_IDENTIFIER = com.chae.OpenAPIWeather;
				PRODUCT_NAME = "$(TARGET_NAME)";
				SWIFT_EMIT_LOC_STRINGS = YES;
				SWIFT_VERSION = 5.0;
				TARGETED_DEVICE_FAMILY = "1,2";
			};
			name = Release;
		};
/* End XCBuildConfiguration section */

/* Begin XCConfigurationList section */
		EC8EB5CA28A4532900DCFCE6 /* Build configuration list for PBXProject "OpenAPIWeather" */ = {
			isa = XCConfigurationList;
			buildConfigurations = (
				EC8EB5E128A4532A00DCFCE6 /* Debug */,
				EC8EB5E228A4532A00DCFCE6 /* Release */,
			);
			defaultConfigurationIsVisible = 0;
			defaultConfigurationName = Release;
		};
		EC8EB5E328A4532A00DCFCE6 /* Build configuration list for PBXNativeTarget "OpenAPIWeather" */ = {
			isa = XCConfigurationList;
			buildConfigurations = (
				EC8EB5E428A4532A00DCFCE6 /* Debug */,
				EC8EB5E528A4532A00DCFCE6 /* Release */,
			);
			defaultConfigurationIsVisible = 0;
			defaultConfigurationName = Release;
		};
/* End XCConfigurationList section */
	};
	rootObject = EC8EB5C728A4532900DCFCE6 /* Project object */;
}
