// !$*UTF8*$!
{
	archiveVersion = 1;
	classes = {
	};
	objectVersion = 55;
	objects = {

/* Begin PBXBuildFile section */
		ECFBAACF286CC8920078ADE6 /* AppDelegate.swift in Sources */ = {isa = PBXBuildFile; fileRef = ECFBAACE286CC8920078ADE6 /* AppDelegate.swift */; };
		ECFBAAD1286CC8920078ADE6 /* SceneDelegate.swift in Sources */ = {isa = PBXBuildFile; fileRef = ECFBAAD0286CC8920078ADE6 /* SceneDelegate.swift */; };
		ECFBAAD3286CC8920078ADE6 /* ViewController.swift in Sources */ = {isa = PBXBuildFile; fileRef = ECFBAAD2286CC8920078ADE6 /* ViewController.swift */; };
		ECFBAAD6286CC8920078ADE6 /* Main.storyboard in Resources */ = {isa = PBXBuildFile; fileRef = ECFBAAD4286CC8920078ADE6 /* Main.storyboard */; };
		ECFBAAD8286CC8930078ADE6 /* Assets.xcassets in Resources */ = {isa = PBXBuildFile; fileRef = ECFBAAD7286CC8930078ADE6 /* Assets.xcassets */; };
		ECFBAADB286CC8930078ADE6 /* LaunchScreen.storyboard in Resources */ = {isa = PBXBuildFile; fileRef = ECFBAAD9286CC8930078ADE6 /* LaunchScreen.storyboard */; };
		ECFBAAE4286CD7BE0078ADE6 /* 제목 없음-1.png in Resources */ = {isa = PBXBuildFile; fileRef = ECFBAAE3286CD7BD0078ADE6 /* 제목 없음-1.png */; };
		ECFBAAEA286CFA880078ADE6 /* message (1).png in Resources */ = {isa = PBXBuildFile; fileRef = ECFBAAE9286CFA880078ADE6 /* message (1).png */; };
		ECFBAB11286D3C9F0078ADE6 /* 제목 없음-1 복사.png in Resources */ = {isa = PBXBuildFile; fileRef = ECFBAB0E286D3C9F0078ADE6 /* 제목 없음-1 복사.png */; };
		ECFBAB12286D3C9F0078ADE6 /* lovedive.png in Resources */ = {isa = PBXBuildFile; fileRef = ECFBAB0F286D3C9F0078ADE6 /* lovedive.png */; };
		ECFBAB15286D3DD00078ADE6 /* won (1).png in Resources */ = {isa = PBXBuildFile; fileRef = ECFBAB14286D3DD00078ADE6 /* won (1).png */; };
		ECFBAB17286D4E430078ADE6 /* profile.png in Resources */ = {isa = PBXBuildFile; fileRef = ECFBAB16286D4E430078ADE6 /* profile.png */; };
		ECFBAB19286D51910078ADE6 /* 영원1 (1).png in Resources */ = {isa = PBXBuildFile; fileRef = ECFBAB18286D51910078ADE6 /* 영원1 (1).png */; };
		ECFBAB1F286DD2040078ADE6 /* sadoxy.png in Resources */ = {isa = PBXBuildFile; fileRef = ECFBAB1E286DD2040078ADE6 /* sadoxy.png */; };
		ECFBAB21286DD3CA0078ADE6 /* cat.png in Resources */ = {isa = PBXBuildFile; fileRef = ECFBAB20286DD3CA0078ADE6 /* cat.png */; };
		ECFBAB2328718BA80078ADE6 /* dog.png in Resources */ = {isa = PBXBuildFile; fileRef = ECFBAB2228718BA80078ADE6 /* dog.png */; };
		ECFBAB2528718C080078ADE6 /* 제목 없음-2 (1) 복사.png in Resources */ = {isa = PBXBuildFile; fileRef = ECFBAB2428718C080078ADE6 /* 제목 없음-2 (1) 복사.png */; };
		ECFBAB2928718CAE0078ADE6 /* mes1.png in Resources */ = {isa = PBXBuildFile; fileRef = ECFBAB2828718CAE0078ADE6 /* mes1.png */; };
		ECFBAB3B287216EF0078ADE6 /* white.png in Resources */ = {isa = PBXBuildFile; fileRef = ECFBAB3A287216EF0078ADE6 /* white.png */; };
		ECFBAB5D287232340078ADE6 /* IMG_3638.PNG in Resources */ = {isa = PBXBuildFile; fileRef = ECFBAB5C287232340078ADE6 /* IMG_3638.PNG */; };
/* End PBXBuildFile section */

/* Begin PBXFileReference section */
		ECFBAACB286CC8920078ADE6 /* SoundCloud_1.app */ = {isa = PBXFileReference; explicitFileType = wrapper.application; includeInIndex = 0; path = SoundCloud_1.app; sourceTree = BUILT_PRODUCTS_DIR; };
		ECFBAACE286CC8920078ADE6 /* AppDelegate.swift */ = {isa = PBXFileReference; lastKnownFileType = sourcecode.swift; path = AppDelegate.swift; sourceTree = "<group>"; };
		ECFBAAD0286CC8920078ADE6 /* SceneDelegate.swift */ = {isa = PBXFileReference; lastKnownFileType = sourcecode.swift; path = SceneDelegate.swift; sourceTree = "<group>"; };
		ECFBAAD2286CC8920078ADE6 /* ViewController.swift */ = {isa = PBXFileReference; lastKnownFileType = sourcecode.swift; path = ViewController.swift; sourceTree = "<group>"; };
		ECFBAAD5286CC8920078ADE6 /* Base */ = {isa = PBXFileReference; lastKnownFileType = file.storyboard; name = Base; path = Base.lproj/Main.storyboard; sourceTree = "<group>"; };
		ECFBAAD7286CC8930078ADE6 /* Assets.xcassets */ = {isa = PBXFileReference; lastKnownFileType = folder.assetcatalog; path = Assets.xcassets; sourceTree = "<group>"; };
		ECFBAADA286CC8930078ADE6 /* Base */ = {isa = PBXFileReference; lastKnownFileType = file.storyboard; name = Base; path = Base.lproj/LaunchScreen.storyboard; sourceTree = "<group>"; };
		ECFBAADC286CC8930078ADE6 /* Info.plist */ = {isa = PBXFileReference; lastKnownFileType = text.plist.xml; path = Info.plist; sourceTree = "<group>"; };
		ECFBAAE3286CD7BD0078ADE6 /* 제목 없음-1.png */ = {isa = PBXFileReference; lastKnownFileType = image.png; path = "제목 없음-1.png"; sourceTree = "<group>"; };
		ECFBAAE9286CFA880078ADE6 /* message (1).png */ = {isa = PBXFileReference; lastKnownFileType = image.png; name = "message (1).png"; path = "../../../Creative Cloud Files/message (1).png"; sourceTree = "<group>"; };
		ECFBAB0E286D3C9F0078ADE6 /* 제목 없음-1 복사.png */ = {isa = PBXFileReference; lastKnownFileType = image.png; name = "제목 없음-1 복사.png"; path = "../../../Downloads/iloveimg-resized/제목 없음-1 복사.png"; sourceTree = "<group>"; };
		ECFBAB0F286D3C9F0078ADE6 /* lovedive.png */ = {isa = PBXFileReference; lastKnownFileType = image.png; name = lovedive.png; path = "../../../Downloads/iloveimg-resized/lovedive.png"; sourceTree = "<group>"; };
		ECFBAB14286D3DD00078ADE6 /* won (1).png */ = {isa = PBXFileReference; lastKnownFileType = image.png; name = "won (1).png"; path = "../../../Downloads/won (1).png"; sourceTree = "<group>"; };
		ECFBAB16286D4E430078ADE6 /* profile.png */ = {isa = PBXFileReference; lastKnownFileType = image.png; name = profile.png; path = ../../../Downloads/profile.png; sourceTree = "<group>"; };
		ECFBAB18286D51910078ADE6 /* 영원1 (1).png */ = {isa = PBXFileReference; lastKnownFileType = image.png; name = "영원1 (1).png"; path = "../../../Downloads/영원1 (1).png"; sourceTree = "<group>"; };
		ECFBAB1E286DD2040078ADE6 /* sadoxy.png */ = {isa = PBXFileReference; lastKnownFileType = image.png; name = sadoxy.png; path = ../../../Downloads/sadoxy.png; sourceTree = "<group>"; };
		ECFBAB20286DD3CA0078ADE6 /* cat.png */ = {isa = PBXFileReference; lastKnownFileType = image.png; name = cat.png; path = ../../../Downloads/cat.png; sourceTree = "<group>"; };
		ECFBAB2228718BA80078ADE6 /* dog.png */ = {isa = PBXFileReference; lastKnownFileType = image.png; name = dog.png; path = ../../../Downloads/dog.png; sourceTree = "<group>"; };
		ECFBAB2428718C080078ADE6 /* 제목 없음-2 (1) 복사.png */ = {isa = PBXFileReference; lastKnownFileType = image.png; name = "제목 없음-2 (1) 복사.png"; path = "../../../Downloads/제목 없음-2 (1) 복사.png"; sourceTree = "<group>"; };
		ECFBAB2828718CAE0078ADE6 /* mes1.png */ = {isa = PBXFileReference; lastKnownFileType = image.png; name = mes1.png; path = ../../../Downloads/mes1.png; sourceTree = "<group>"; };
		ECFBAB3A287216EF0078ADE6 /* white.png */ = {isa = PBXFileReference; lastKnownFileType = image.png; name = white.png; path = "../../../Downloads/iOS Image/white.png"; sourceTree = "<group>"; };
		ECFBAB5C287232340078ADE6 /* IMG_3638.PNG */ = {isa = PBXFileReference; lastKnownFileType = image.png; name = IMG_3638.PNG; path = ../../../Downloads/IMG_3638.PNG; sourceTree = "<group>"; };
/* End PBXFileReference section */

/* Begin PBXFrameworksBuildPhase section */
		ECFBAAC8286CC8920078ADE6 /* Frameworks */ = {
			isa = PBXFrameworksBuildPhase;
			buildActionMask = 2147483647;
			files = (
			);
			runOnlyForDeploymentPostprocessing = 0;
		};
/* End PBXFrameworksBuildPhase section */

/* Begin PBXGroup section */
		ECFBAAC2286CC8920078ADE6 = {
			isa = PBXGroup;
			children = (
				ECFBAAE2286CD74E0078ADE6 /* New Group */,
				ECFBAACD286CC8920078ADE6 /* SoundCloud_1 */,
				ECFBAACC286CC8920078ADE6 /* Products */,
			);
			sourceTree = "<group>";
		};
		ECFBAACC286CC8920078ADE6 /* Products */ = {
			isa = PBXGroup;
			children = (
				ECFBAACB286CC8920078ADE6 /* SoundCloud_1.app */,
			);
			name = Products;
			sourceTree = "<group>";
		};
		ECFBAACD286CC8920078ADE6 /* SoundCloud_1 */ = {
			isa = PBXGroup;
			children = (
				ECFBAACE286CC8920078ADE6 /* AppDelegate.swift */,
				ECFBAAD0286CC8920078ADE6 /* SceneDelegate.swift */,
				ECFBAAD2286CC8920078ADE6 /* ViewController.swift */,
				ECFBAAD4286CC8920078ADE6 /* Main.storyboard */,
				ECFBAAD7286CC8930078ADE6 /* Assets.xcassets */,
				ECFBAAD9286CC8930078ADE6 /* LaunchScreen.storyboard */,
				ECFBAADC286CC8930078ADE6 /* Info.plist */,
			);
			path = SoundCloud_1;
			sourceTree = "<group>";
		};
		ECFBAAE2286CD74E0078ADE6 /* New Group */ = {
			isa = PBXGroup;
			children = (
				ECFBAB16286D4E430078ADE6 /* profile.png */,
				ECFBAB0E286D3C9F0078ADE6 /* 제목 없음-1 복사.png */,
				ECFBAB14286D3DD00078ADE6 /* won (1).png */,
				ECFBAB20286DD3CA0078ADE6 /* cat.png */,
				ECFBAB2428718C080078ADE6 /* 제목 없음-2 (1) 복사.png */,
				ECFBAB2228718BA80078ADE6 /* dog.png */,
				ECFBAB2828718CAE0078ADE6 /* mes1.png */,
				ECFBAB0F286D3C9F0078ADE6 /* lovedive.png */,
				ECFBAB3A287216EF0078ADE6 /* white.png */,
				ECFBAB5C287232340078ADE6 /* IMG_3638.PNG */,
				ECFBAB18286D51910078ADE6 /* 영원1 (1).png */,
				ECFBAAE9286CFA880078ADE6 /* message (1).png */,
				ECFBAB1E286DD2040078ADE6 /* sadoxy.png */,
				ECFBAAE3286CD7BD0078ADE6 /* 제목 없음-1.png */,
			);
			path = "New Group";
			sourceTree = "<group>";
		};
/* End PBXGroup section */

/* Begin PBXNativeTarget section */
		ECFBAACA286CC8920078ADE6 /* SoundCloud_1 */ = {
			isa = PBXNativeTarget;
			buildConfigurationList = ECFBAADF286CC8930078ADE6 /* Build configuration list for PBXNativeTarget "SoundCloud_1" */;
			buildPhases = (
				ECFBAAC7286CC8920078ADE6 /* Sources */,
				ECFBAAC8286CC8920078ADE6 /* Frameworks */,
				ECFBAAC9286CC8920078ADE6 /* Resources */,
			);
			buildRules = (
			);
			dependencies = (
			);
			name = SoundCloud_1;
			productName = SoundCloud_1;
			productReference = ECFBAACB286CC8920078ADE6 /* SoundCloud_1.app */;
			productType = "com.apple.product-type.application";
		};
/* End PBXNativeTarget section */

/* Begin PBXProject section */
		ECFBAAC3286CC8920078ADE6 /* Project object */ = {
			isa = PBXProject;
			attributes = {
				BuildIndependentTargetsInParallel = 1;
				LastSwiftUpdateCheck = 1340;
				LastUpgradeCheck = 1340;
				TargetAttributes = {
					ECFBAACA286CC8920078ADE6 = {
						CreatedOnToolsVersion = 13.4.1;
					};
				};
			};
			buildConfigurationList = ECFBAAC6286CC8920078ADE6 /* Build configuration list for PBXProject "SoundCloud_1" */;
			compatibilityVersion = "Xcode 13.0";
			developmentRegion = en;
			hasScannedForEncodings = 0;
			knownRegions = (
				en,
				Base,
			);
			mainGroup = ECFBAAC2286CC8920078ADE6;
			productRefGroup = ECFBAACC286CC8920078ADE6 /* Products */;
			projectDirPath = "";
			projectRoot = "";
			targets = (
				ECFBAACA286CC8920078ADE6 /* SoundCloud_1 */,
			);
		};
/* End PBXProject section */

/* Begin PBXResourcesBuildPhase section */
		ECFBAAC9286CC8920078ADE6 /* Resources */ = {
			isa = PBXResourcesBuildPhase;
			buildActionMask = 2147483647;
			files = (
				ECFBAADB286CC8930078ADE6 /* LaunchScreen.storyboard in Resources */,
				ECFBAB15286D3DD00078ADE6 /* won (1).png in Resources */,
				ECFBAB19286D51910078ADE6 /* 영원1 (1).png in Resources */,
				ECFBAAD8286CC8930078ADE6 /* Assets.xcassets in Resources */,
				ECFBAB3B287216EF0078ADE6 /* white.png in Resources */,
				ECFBAAEA286CFA880078ADE6 /* message (1).png in Resources */,
				ECFBAB11286D3C9F0078ADE6 /* 제목 없음-1 복사.png in Resources */,
				ECFBAB21286DD3CA0078ADE6 /* cat.png in Resources */,
				ECFBAB5D287232340078ADE6 /* IMG_3638.PNG in Resources */,
				ECFBAB1F286DD2040078ADE6 /* sadoxy.png in Resources */,
				ECFBAB2328718BA80078ADE6 /* dog.png in Resources */,
				ECFBAB12286D3C9F0078ADE6 /* lovedive.png in Resources */,
				ECFBAB17286D4E430078ADE6 /* profile.png in Resources */,
				ECFBAB2928718CAE0078ADE6 /* mes1.png in Resources */,
				ECFBAAE4286CD7BE0078ADE6 /* 제목 없음-1.png in Resources */,
				ECFBAAD6286CC8920078ADE6 /* Main.storyboard in Resources */,
				ECFBAB2528718C080078ADE6 /* 제목 없음-2 (1) 복사.png in Resources */,
			);
			runOnlyForDeploymentPostprocessing = 0;
		};
/* End PBXResourcesBuildPhase section */

/* Begin PBXSourcesBuildPhase section */
		ECFBAAC7286CC8920078ADE6 /* Sources */ = {
			isa = PBXSourcesBuildPhase;
			buildActionMask = 2147483647;
			files = (
				ECFBAAD3286CC8920078ADE6 /* ViewController.swift in Sources */,
				ECFBAACF286CC8920078ADE6 /* AppDelegate.swift in Sources */,
				ECFBAAD1286CC8920078ADE6 /* SceneDelegate.swift in Sources */,
			);
			runOnlyForDeploymentPostprocessing = 0;
		};
/* End PBXSourcesBuildPhase section */

/* Begin PBXVariantGroup section */
		ECFBAAD4286CC8920078ADE6 /* Main.storyboard */ = {
			isa = PBXVariantGroup;
			children = (
				ECFBAAD5286CC8920078ADE6 /* Base */,
			);
			name = Main.storyboard;
			sourceTree = "<group>";
		};
		ECFBAAD9286CC8930078ADE6 /* LaunchScreen.storyboard */ = {
			isa = PBXVariantGroup;
			children = (
				ECFBAADA286CC8930078ADE6 /* Base */,
			);
			name = LaunchScreen.storyboard;
			sourceTree = "<group>";
		};
/* End PBXVariantGroup section */

/* Begin XCBuildConfiguration section */
		ECFBAADD286CC8930078ADE6 /* Debug */ = {
			isa = XCBuildConfiguration;
			buildSettings = {
				ALWAYS_SEARCH_USER_PATHS = NO;
				CLANG_ANALYZER_NONNULL = YES;
				CLANG_ANALYZER_NUMBER_OBJECT_CONVERSION = YES_AGGRESSIVE;
				CLANG_CXX_LANGUAGE_STANDARD = "gnu++17";
				CLANG_ENABLE_MODULES = YES;
				CLANG_ENABLE_OBJC_ARC = YES;
				CLANG_ENABLE_OBJC_WEAK = YES;
				CLANG_WARN_BLOCK_CAPTURE_AUTORELEASING = YES;
				CLANG_WARN_BOOL_CONVERSION = YES;
				CLANG_WARN_COMMA = YES;
				CLANG_WARN_CONSTANT_CONVERSION = YES;
				CLANG_WARN_DEPRECATED_OBJC_IMPLEMENTATIONS = YES;
				CLANG_WARN_DIRECT_OBJC_ISA_USAGE = YES_ERROR;
				CLANG_WARN_DOCUMENTATION_COMMENTS = YES;
				CLANG_WARN_EMPTY_BODY = YES;
				CLANG_WARN_ENUM_CONVERSION = YES;
				CLANG_WARN_INFINITE_RECURSION = YES;
				CLANG_WARN_INT_CONVERSION = YES;
				CLANG_WARN_NON_LITERAL_NULL_CONVERSION = YES;
				CLANG_WARN_OBJC_IMPLICIT_RETAIN_SELF = YES;
				CLANG_WARN_OBJC_LITERAL_CONVERSION = YES;
				CLANG_WARN_OBJC_ROOT_CLASS = YES_ERROR;
				CLANG_WARN_QUOTED_INCLUDE_IN_FRAMEWORK_HEADER = YES;
				CLANG_WARN_RANGE_LOOP_ANALYSIS = YES;
				CLANG_WARN_STRICT_PROTOTYPES = YES;
				CLANG_WARN_SUSPICIOUS_MOVE = YES;
				CLANG_WARN_UNGUARDED_AVAILABILITY = YES_AGGRESSIVE;
				CLANG_WARN_UNREACHABLE_CODE = YES;
				CLANG_WARN__DUPLICATE_METHOD_MATCH = YES;
				COPY_PHASE_STRIP = NO;
				DEBUG_INFORMATION_FORMAT = dwarf;
				ENABLE_STRICT_OBJC_MSGSEND = YES;
				ENABLE_TESTABILITY = YES;
				GCC_C_LANGUAGE_STANDARD = gnu11;
				GCC_DYNAMIC_NO_PIC = NO;
				GCC_NO_COMMON_BLOCKS = YES;
				GCC_OPTIMIZATION_LEVEL = 0;
				GCC_PREPROCESSOR_DEFINITIONS = (
					"DEBUG=1",
					"$(inherited)",
				);
				GCC_WARN_64_TO_32_BIT_CONVERSION = YES;
				GCC_WARN_ABOUT_RETURN_TYPE = YES_ERROR;
				GCC_WARN_UNDECLARED_SELECTOR = YES;
				GCC_WARN_UNINITIALIZED_AUTOS = YES_AGGRESSIVE;
				GCC_WARN_UNUSED_FUNCTION = YES;
				GCC_WARN_UNUSED_VARIABLE = YES;
				IPHONEOS_DEPLOYMENT_TARGET = 15.5;
				MTL_ENABLE_DEBUG_INFO = INCLUDE_SOURCE;
				MTL_FAST_MATH = YES;
				ONLY_ACTIVE_ARCH = YES;
				SDKROOT = iphoneos;
				SWIFT_ACTIVE_COMPILATION_CONDITIONS = DEBUG;
				SWIFT_OPTIMIZATION_LEVEL = "-Onone";
			};
			name = Debug;
		};
		ECFBAADE286CC8930078ADE6 /* Release */ = {
			isa = XCBuildConfiguration;
			buildSettings = {
				ALWAYS_SEARCH_USER_PATHS = NO;
				CLANG_ANALYZER_NONNULL = YES;
				CLANG_ANALYZER_NUMBER_OBJECT_CONVERSION = YES_AGGRESSIVE;
				CLANG_CXX_LANGUAGE_STANDARD = "gnu++17";
				CLANG_ENABLE_MODULES = YES;
				CLANG_ENABLE_OBJC_ARC = YES;
				CLANG_ENABLE_OBJC_WEAK = YES;
				CLANG_WARN_BLOCK_CAPTURE_AUTORELEASING = YES;
				CLANG_WARN_BOOL_CONVERSION = YES;
				CLANG_WARN_COMMA = YES;
				CLANG_WARN_CONSTANT_CONVERSION = YES;
				CLANG_WARN_DEPRECATED_OBJC_IMPLEMENTATIONS = YES;
				CLANG_WARN_DIRECT_OBJC_ISA_USAGE = YES_ERROR;
				CLANG_WARN_DOCUMENTATION_COMMENTS = YES;
				CLANG_WARN_EMPTY_BODY = YES;
				CLANG_WARN_ENUM_CONVERSION = YES;
				CLANG_WARN_INFINITE_RECURSION = YES;
				CLANG_WARN_INT_CONVERSION = YES;
				CLANG_WARN_NON_LITERAL_NULL_CONVERSION = YES;
				CLANG_WARN_OBJC_IMPLICIT_RETAIN_SELF = YES;
				CLANG_WARN_OBJC_LITERAL_CONVERSION = YES;
				CLANG_WARN_OBJC_ROOT_CLASS = YES_ERROR;
				CLANG_WARN_QUOTED_INCLUDE_IN_FRAMEWORK_HEADER = YES;
				CLANG_WARN_RANGE_LOOP_ANALYSIS = YES;
				CLANG_WARN_STRICT_PROTOTYPES = YES;
				CLANG_WARN_SUSPICIOUS_MOVE = YES;
				CLANG_WARN_UNGUARDED_AVAILABILITY = YES_AGGRESSIVE;
				CLANG_WARN_UNREACHABLE_CODE = YES;
				CLANG_WARN__DUPLICATE_METHOD_MATCH = YES;
				COPY_PHASE_STRIP = NO;
				DEBUG_INFORMATION_FORMAT = "dwarf-with-dsym";
				ENABLE_NS_ASSERTIONS = NO;
				ENABLE_STRICT_OBJC_MSGSEND = YES;
				GCC_C_LANGUAGE_STANDARD = gnu11;
				GCC_NO_COMMON_BLOCKS = YES;
				GCC_WARN_64_TO_32_BIT_CONVERSION = YES;
				GCC_WARN_ABOUT_RETURN_TYPE = YES_ERROR;
				GCC_WARN_UNDECLARED_SELECTOR = YES;
				GCC_WARN_UNINITIALIZED_AUTOS = YES_AGGRESSIVE;
				GCC_WARN_UNUSED_FUNCTION = YES;
				GCC_WARN_UNUSED_VARIABLE = YES;
				IPHONEOS_DEPLOYMENT_TARGET = 15.5;
				MTL_ENABLE_DEBUG_INFO = NO;
				MTL_FAST_MATH = YES;
				SDKROOT = iphoneos;
				SWIFT_COMPILATION_MODE = wholemodule;
				SWIFT_OPTIMIZATION_LEVEL = "-O";
				VALIDATE_PRODUCT = YES;
			};
			name = Release;
		};
		ECFBAAE0286CC8930078ADE6 /* Debug */ = {
			isa = XCBuildConfiguration;
			buildSettings = {
				ASSETCATALOG_COMPILER_APPICON_NAME = AppIcon;
				ASSETCATALOG_COMPILER_GLOBAL_ACCENT_COLOR_NAME = AccentColor;
				CODE_SIGN_STYLE = Automatic;
				CURRENT_PROJECT_VERSION = 1;
				DEVELOPMENT_TEAM = SN4DKJ8AHY;
				GENERATE_INFOPLIST_FILE = YES;
				INFOPLIST_FILE = SoundCloud_1/Info.plist;
				INFOPLIST_KEY_UIApplicationSupportsIndirectInputEvents = YES;
				INFOPLIST_KEY_UILaunchStoryboardName = LaunchScreen;
				INFOPLIST_KEY_UIMainStoryboardFile = Main;
				INFOPLIST_KEY_UISupportedInterfaceOrientations_iPad = "UIInterfaceOrientationPortrait UIInterfaceOrientationPortraitUpsideDown UIInterfaceOrientationLandscapeLeft UIInterfaceOrientationLandscapeRight";
				INFOPLIST_KEY_UISupportedInterfaceOrientations_iPhone = "UIInterfaceOrientationPortrait UIInterfaceOrientationLandscapeLeft UIInterfaceOrientationLandscapeRight";
				LD_RUNPATH_SEARCH_PATHS = (
					"$(inherited)",
					"@executable_path/Frameworks",
				);
				MARKETING_VERSION = 1.0;
				PRODUCT_BUNDLE_IDENTIFIER = "com.chae.SoundCloud-1";
				PRODUCT_NAME = "$(TARGET_NAME)";
				SWIFT_EMIT_LOC_STRINGS = YES;
				SWIFT_VERSION = 5.0;
				TARGETED_DEVICE_FAMILY = "1,2";
			};
			name = Debug;
		};
		ECFBAAE1286CC8930078ADE6 /* Release */ = {
			isa = XCBuildConfiguration;
			buildSettings = {
				ASSETCATALOG_COMPILER_APPICON_NAME = AppIcon;
				ASSETCATALOG_COMPILER_GLOBAL_ACCENT_COLOR_NAME = AccentColor;
				CODE_SIGN_STYLE = Automatic;
				CURRENT_PROJECT_VERSION = 1;
				DEVELOPMENT_TEAM = SN4DKJ8AHY;
				GENERATE_INFOPLIST_FILE = YES;
				INFOPLIST_FILE = SoundCloud_1/Info.plist;
				INFOPLIST_KEY_UIApplicationSupportsIndirectInputEvents = YES;
				INFOPLIST_KEY_UILaunchStoryboardName = LaunchScreen;
				INFOPLIST_KEY_UIMainStoryboardFile = Main;
				INFOPLIST_KEY_UISupportedInterfaceOrientations_iPad = "UIInterfaceOrientationPortrait UIInterfaceOrientationPortraitUpsideDown UIInterfaceOrientationLandscapeLeft UIInterfaceOrientationLandscapeRight";
				INFOPLIST_KEY_UISupportedInterfaceOrientations_iPhone = "UIInterfaceOrientationPortrait UIInterfaceOrientationLandscapeLeft UIInterfaceOrientationLandscapeRight";
				LD_RUNPATH_SEARCH_PATHS = (
					"$(inherited)",
					"@executable_path/Frameworks",
				);
				MARKETING_VERSION = 1.0;
				PRODUCT_BUNDLE_IDENTIFIER = "com.chae.SoundCloud-1";
				PRODUCT_NAME = "$(TARGET_NAME)";
				SWIFT_EMIT_LOC_STRINGS = YES;
				SWIFT_VERSION = 5.0;
				TARGETED_DEVICE_FAMILY = "1,2";
			};
			name = Release;
		};
/* End XCBuildConfiguration section */

/* Begin XCConfigurationList section */
		ECFBAAC6286CC8920078ADE6 /* Build configuration list for PBXProject "SoundCloud_1" */ = {
			isa = XCConfigurationList;
			buildConfigurations = (
				ECFBAADD286CC8930078ADE6 /* Debug */,
				ECFBAADE286CC8930078ADE6 /* Release */,
			);
			defaultConfigurationIsVisible = 0;
			defaultConfigurationName = Release;
		};
		ECFBAADF286CC8930078ADE6 /* Build configuration list for PBXNativeTarget "SoundCloud_1" */ = {
			isa = XCConfigurationList;
			buildConfigurations = (
				ECFBAAE0286CC8930078ADE6 /* Debug */,
				ECFBAAE1286CC8930078ADE6 /* Release */,
			);
			defaultConfigurationIsVisible = 0;
			defaultConfigurationName = Release;
		};
/* End XCConfigurationList section */
	};
	rootObject = ECFBAAC3286CC8920078ADE6 /* Project object */;
}
